
Microsoft Visual Studio Solution File, Format Version 12.00
# Visual Studio Version 16
VisualStudioVersion = 16.0.30413.136
MinimumVisualStudioVersion = 10.0.40219.1
Project("{FAE04EC0-301F-11D3-BF4B-00C04F79EFBC}") = "gsbProject", "gsbProject\gsbProject.csproj", "{37FFA96A-56CB-4303-A9E6-703CF1FF2808}"
EndProject
Global
	GlobalSection(SolutionConfigurationPlatforms) = preSolution
		Debug|Any CPU = Debug|Any CPU
		Release|Any CPU = Release|Any CPU
	EndGlobalSection
	GlobalSection(ProjectConfigurationPlatforms) = postSolution
		{37FFA96A-56CB-4303-A9E6-703CF1FF2808}.Debug|Any CPU.ActiveCfg = Debug|Any CPU
		{37FFA96A-56CB-4303-A9E6-703CF1FF2808}.Debug|Any CPU.Build.0 = Debug|Any CPU
		{37FFA96A-56CB-4303-A9E6-703CF1FF2808}.Release|Any CPU.ActiveCfg = Release|Any CPU
		{37FFA96A-56CB-4303-A9E6-703CF1FF2808}.Release|Any CPU.Build.0 = Release|Any CPU
	EndGlobalSection
	GlobalSection(SolutionProperties) = preSolution
		HideSolutionNode = FALSE
	EndGlobalSection
	GlobalSection(ExtensibilityGlobals) = postSolution
		SolutionGuid = {BD238974-76CF-4171-865E-203818A4DD07}
	EndGlobalSection
EndGlobal
